
Microsoft Visual Studio Solution File, Format Version 12.00
# Visual Studio 2013
VisualStudioVersion = 12.0.21005.1
MinimumVisualStudioVersion = 10.0.40219.1
Project("{FAE04EC0-301F-11D3-BF4B-00C04F79EFBC}") = "Application", "MediaMgrSystem\Application.csproj", "{A70778B3-41A3-405D-96DE-F608E547D261}"
EndProject
Project("{FAE04EC0-301F-11D3-BF4B-00C04F79EFBC}") = "MediaMgrSystem.DataModels", "MediaMgrSystem.DataModels\MediaMgrSystem.DataModels.csproj", "{7ED0D11F-9B2A-4AB6-981F-AC0917F3EE05}"
EndProject
Project("{FAE04EC0-301F-11D3-BF4B-00C04F79EFBC}") = "MediaMgrSystem.BusinessLayerLogic", "MediaMgrSystem.BusinessLayerLogic\MediaMgrSystem.BusinessLayerLogic.csproj", "{2C66131E-9A65-43E0-8C63-7263207383C7}"
EndProject
Project("{FAE04EC0-301F-11D3-BF4B-00C04F79EFBC}") = "MediaMgrSystem.DataAccessLayer", "MediaMgrSystem.DataAccessLayer\MediaMgrSystem.DataAccessLayer.csproj", "{91F930A0-EE7E-4732-9FEF-9E556785B8F0}"
EndProject
Global
	GlobalSection(SolutionConfigurationPlatforms) = preSolution
		Debug|Any CPU = Debug|Any CPU
		Release|Any CPU = Release|Any CPU
	EndGlobalSection
	GlobalSection(ProjectConfigurationPlatforms) = postSolution
		{A70778B3-41A3-405D-96DE-F608E547D261}.Debug|Any CPU.ActiveCfg = Debug|Any CPU
		{A70778B3-41A3-405D-96DE-F608E547D261}.Debug|Any CPU.Build.0 = Debug|Any CPU
		{A70778B3-41A3-405D-96DE-F608E547D261}.Release|Any CPU.ActiveCfg = Release|Any CPU
		{A70778B3-41A3-405D-96DE-F608E547D261}.Release|Any CPU.Build.0 = Release|Any CPU
		{7ED0D11F-9B2A-4AB6-981F-AC0917F3EE05}.Debug|Any CPU.ActiveCfg = Debug|Any CPU
		{7ED0D11F-9B2A-4AB6-981F-AC0917F3EE05}.Debug|Any CPU.Build.0 = Debug|Any CPU
		{7ED0D11F-9B2A-4AB6-981F-AC0917F3EE05}.Release|Any CPU.ActiveCfg = Release|Any CPU
		{7ED0D11F-9B2A-4AB6-981F-AC0917F3EE05}.Release|Any CPU.Build.0 = Release|Any CPU
		{2C66131E-9A65-43E0-8C63-7263207383C7}.Debug|Any CPU.ActiveCfg = Debug|Any CPU
		{2C66131E-9A65-43E0-8C63-7263207383C7}.Debug|Any CPU.Build.0 = Debug|Any CPU
		{2C66131E-9A65-43E0-8C63-7263207383C7}.Release|Any CPU.ActiveCfg = Release|Any CPU
		{2C66131E-9A65-43E0-8C63-7263207383C7}.Release|Any CPU.Build.0 = Release|Any CPU
		{91F930A0-EE7E-4732-9FEF-9E556785B8F0}.Debug|Any CPU.ActiveCfg = Debug|Any CPU
		{91F930A0-EE7E-4732-9FEF-9E556785B8F0}.Debug|Any CPU.Build.0 = Debug|Any CPU
		{91F930A0-EE7E-4732-9FEF-9E556785B8F0}.Release|Any CPU.ActiveCfg = Release|Any CPU
		{91F930A0-EE7E-4732-9FEF-9E556785B8F0}.Release|Any CPU.Build.0 = Release|Any CPU
	EndGlobalSection
	GlobalSection(SolutionProperties) = preSolution
		HideSolutionNode = FALSE
	EndGlobalSection
EndGlobal
